PODS:
  - CircularRevealKit (0.9)
  - SwiftLint (0.32.0)

DEPENDENCIES:
  - CircularRevealKit (from `../`)
  - SwiftLint

SPEC REPOS:
  https://github.com/cocoapods/specs.git:
    - SwiftLint

EXTERNAL SOURCES:
  CircularRevealKit:
    :path: "../"

SPEC CHECKSUMS:
  CircularRevealKit: a657cd22872afae6a423b6f0c1edbfa505311b39
  SwiftLint: 009a898ef2a1c851f45e1b59349bf6ff2ddc990d

PODFILE CHECKSUM: cfaef9accb0dc9b8b53bbb3f279f9e29bb3cb9cd

COCOAPODS: 1.6.1
