PODS:
  - CircularRevealKit (1.0.0)

DEPENDENCIES:
  - CircularRevealKit (from `../`)

EXTERNAL SOURCES:
  CircularRevealKit:
    :path: "../"

SPEC CHECKSUMS:
  CircularRevealKit: 7b63460ed66c997ad70c973711b1ebcd5f070de4

PODFILE CHECKSUM: fe24aa566560148352a162140f1938b91be64a80

COCOAPODS: 1.16.2
