PODS:
  - CircularRevealKit (1.0.0)

DEPENDENCIES:
  - CircularRevealKit (from `../`)

EXTERNAL SOURCES:
  CircularRevealKit:
    :path: "../"

SPEC CHECKSUMS:
  CircularRevealKit: 6101a1e296bcc908aea032cb7d84abe95adf319a

PODFILE CHECKSUM: fe24aa566560148352a162140f1938b91be64a80

COCOAPODS: 1.16.2
